
Microsoft Visual Studio Solution File, Format Version 12.00
# Visual Studio Version 16
VisualStudioVersion = 16.0.29424.173
MinimumVisualStudioVersion = 10.0.40219.1
Project("{F184B08F-C81C-45F6-A57F-5ABD9991F28F}") = "n_om", "n_om.vbproj", "{798CDDA6-48AF-4A35-8549-E93C90ECE4C4}"
EndProject
Global
	GlobalSection(SolutionConfigurationPlatforms) = preSolution
		Debug|Any CPU = Debug|Any CPU
		Release|Any CPU = Release|Any CPU
	EndGlobalSection
	GlobalSection(ProjectConfigurationPlatforms) = postSolution
		{798CDDA6-48AF-4A35-8549-E93C90ECE4C4}.Debug|Any CPU.ActiveCfg = Debug|Any CPU
		{798CDDA6-48AF-4A35-8549-E93C90ECE4C4}.Debug|Any CPU.Build.0 = Debug|Any CPU
		{798CDDA6-48AF-4A35-8549-E93C90ECE4C4}.Release|Any CPU.ActiveCfg = Release|Any CPU
		{798CDDA6-48AF-4A35-8549-E93C90ECE4C4}.Release|Any CPU.Build.0 = Release|Any CPU
	EndGlobalSection
	GlobalSection(SolutionProperties) = preSolution
		HideSolutionNode = FALSE
	EndGlobalSection
	GlobalSection(ExtensibilityGlobals) = postSolution
		SolutionGuid = {C1624820-0B4E-4E66-895C-363A7C630966}
	EndGlobalSection
EndGlobal
